
Microsoft Visual Studio Solution File, Format Version 12.00
# Visual Studio Version 17
VisualStudioVersion = 17.6.33723.286
MinimumVisualStudioVersion = 10.0.40219.1
Project("{FAE04EC0-301F-11D3-BF4B-00C04F79EFBC}") = "Singleton_pattern", "Singleton_pattern.csproj", "{8B3F7B3D-150B-4C48-80EA-E0EFE73CE456}"
EndProject
Global
	GlobalSection(SolutionConfigurationPlatforms) = preSolution
		Debug|Any CPU = Debug|Any CPU
		Release|Any CPU = Release|Any CPU
	EndGlobalSection
	GlobalSection(ProjectConfigurationPlatforms) = postSolution
		{8B3F7B3D-150B-4C48-80EA-E0EFE73CE456}.Debug|Any CPU.ActiveCfg = Debug|Any CPU
		{8B3F7B3D-150B-4C48-80EA-E0EFE73CE456}.Debug|Any CPU.Build.0 = Debug|Any CPU
		{8B3F7B3D-150B-4C48-80EA-E0EFE73CE456}.Release|Any CPU.ActiveCfg = Release|Any CPU
		{8B3F7B3D-150B-4C48-80EA-E0EFE73CE456}.Release|Any CPU.Build.0 = Release|Any CPU
	EndGlobalSection
	GlobalSection(SolutionProperties) = preSolution
		HideSolutionNode = FALSE
	EndGlobalSection
	GlobalSection(ExtensibilityGlobals) = postSolution
		SolutionGuid = {BC430A7A-EBF7-4E80-B5BF-F9E55B2E681A}
	EndGlobalSection
EndGlobal
